# Windows x64 / CPython 3.12 / CPU. Official PyPI wheels and official PyTorch CPU wheels.
# Prepare explicitly; the application never runs pip or downloads models.
# Use --require-hashes --only-binary=:all: and the official CPU extra index when preparing wheels.
absl-py==2.5.0 --hash=sha256:0f17b89f2a4eaaedc4f28c622998aa690564b3012a396a4ffad0821007fe03ba
asttokens==3.0.2 --hash=sha256:9da13157f5b28becde0bd374fc677dcd3c290614264eff096f167c469cd9f933
certifi==2026.7.22 --hash=sha256:62f22742b58a1a33014a2b6b706588a8d7e2a88ae7bd1a6ebe8c992928483775
cffi==2.1.1 --hash=sha256:f53e442b08449d42821fa4a4fba000095af9f62742a500f978a9f557ec44339a
charset-normalizer==3.5.2 --hash=sha256:780fbe7cab297b81dad9fb8dc5eb003c0468ffb0d9e5f65068c53a34661a96bc
colorama==0.4.6 --hash=sha256:4f1d9991f5acc0ca119f9d443620b77f9d6b33703e51011c16baf57afb285fc6
comm==0.2.3 --hash=sha256:c615d91d75f7f04f095b30d1c1711babd43bdc6419c1be9886a85f2f4e489417
contourpy==1.3.3 --hash=sha256:8153b8bfc11e1e4d75bcb0bff1db232f9e10b274e0929de9d608027e0d34ff8b
cycler==0.12.1 --hash=sha256:85cef7cff222d8644161529808465972e51340599459b8ac3ccbac5a854e0d30
executing==2.2.1 --hash=sha256:760643d3452b4d777d295bb167ccc74c64a81df23fb5e08eff250c425a4b2017
filelock==4.0.12 --hash=sha256:5f17ee83ecee8a6f3e389c75822fb70a1c2f0506b99438a6dffa1d56793588c8
flatbuffers==25.12.19 --hash=sha256:7634f50c427838bb021c2d66a3d1168e9d199b0607e6329399f04846d42e20b4
fonttools==4.66.1 --hash=sha256:261d8dc95845e751f975fe8d6075600593ee253470d46d1b84801688051b09f6
fsspec==2026.9.0 --hash=sha256:8dd6e646e99ea382bd85f97a45e6b526a442d79423a7dc673f1e2756d05fcb5f
huggingface-hub==0.23.5 --hash=sha256:d7a7d337615e11a45cc14a0ce5a605db6b038dc24af42866f731684825226e90
idna==3.20 --hash=sha256:ab7ae7122974553370f0bdb919e1a960b2cd1bc1ef0276416d896db81c14582c
ImageIO==2.38.0 --hash=sha256:474ea3a39e36e0e8e02d81d7f10412aaecec7a2825e5fbc4f44cbcd7bb7cebfc
ipython==9.17.1 --hash=sha256:6d1645743cfd1a07eb695d85aa2b5fa66721f8cbae9431d4049f7084bbf06509
ipython_pygments_lexers==1.1.1 --hash=sha256:a9462224a505ade19a605f71f8fa63c2048833ce50abc86768a0d81d876dc81c
ipywidgets==8.1.9 --hash=sha256:f2b8cbcaae10252b809fbe4d7470db75c09b769a32cbf816d20e5ca6d3c5a79d
jedi==0.20.0 --hash=sha256:7bdd9c2634f56713299976f4cbd59cb3fa92165cc5e05ea811fb253480728b67
Jinja2==3.1.6 --hash=sha256:85ece4451f492d0c13c5dd7c13a64681a86afae63a5f347908daf103ce6d2f67
jupyterlab_widgets==3.0.17 --hash=sha256:40ac1e9955acf116c4d995d9bfa082d86ad9ec6d91c4f134827cf5e0a5eb75e0
kiwisolver==1.5.1 --hash=sha256:06a6917674de9e0fe3f66f5430787f59a9f2ddb64af9b714eaec547e29ef5c19
lazy-loader==0.6 --hash=sha256:77253be3391b06124a0e16105bd663b6c54470af1a9ca8e1cf026f38d58ed056
MarkupSafe==3.0.4 --hash=sha256:11935df9bf455ed0c04eb87bcd720f02b1fe5e02128a9430f23aed6f93336fc7
matplotlib==3.11.2 --hash=sha256:c5c1c68ee401fc98271263410f0e5ce88285abacf7627132914e8adf3d70ff43
matplotlib-inline==0.2.2 --hash=sha256:3c821cf1c209f59fb2d2d64abbf5b23b67bcb2210d663f9918dd851c6da1fcf6
mediapipe==1.0.1 --hash=sha256:96dc9de6bd04a6315ef424fda5c48e0929f2d78317295e75bc32c0bceeab517b
mpmath==1.3.0 --hash=sha256:a0b2b9fe80bbcd81a6647ff13108738cfb482d481d826cc0e02f5b35e5c88d2c
networkx==3.7 --hash=sha256:e3fd2c13a7814cee3746340d8d7f8598a67f16a58bf47fb7f8793fab6efca1b0
numpy==1.26.4 --hash=sha256:08beddf13648eb95f8d867350f6a018a4be2e5ad54c8d8caed89ebca558b2818
opencv-contrib-python==4.11.0.86 --hash=sha256:654758a9ae8ca9a75fca7b64b19163636534f0eedffe1e14c3d7218988625c8d
opencv-python==4.11.0.86 --hash=sha256:085ad9b77c18853ea66283e98affefe2de8cc4c1f43eda4c100cf9b2721142ec
packaging==26.3 --hash=sha256:d7193f7c8e4e93f444fde0262bf90af30e16fa0ad0ad44cb553c87339b23cd1c
parso==0.8.7 --hash=sha256:a8926eb2a1b915486941fdbd31e86a4baf88fe8c210f25f2f35ecec5b574ca1c
pillow==10.4.0 --hash=sha256:1d846aea995ad352d4bdcc847535bd56e0fd88d36829d2c90be880ef1ee4668a
prompt_toolkit==3.0.53 --hash=sha256:01c0891d7f9237d5e339f7d3e42cdae80b7534abb1c7c0e3352efba6231492f2
psutil==7.2.2 --hash=sha256:eb7e81434c8d223ec4a219b5fc1c47d0417b12be7ea866e24fb5ad6e84b3d988
pure_eval==0.2.4 --hash=sha256:96cae060a313cfaad51bb761278bfb0e62dc0248d9315a81173752dc546cd37a
pycparser==3.0 --hash=sha256:b727414169a36b7d524c1c3e31839a521725078d7b2ff038656844266160a992
pyfacer==0.0.4 --hash=sha256:adb2d005e219c2ff1cb7f0ffe7884d8c92d66b2ceee15b5d780644e2df028768
Pygments==2.21.0 --hash=sha256:2363c69b61c4a97c838da3b130dcd6468f4848992b21a82f2a63ec34377137d9
pyparsing==3.3.3 --hash=sha256:ece8c00a69cf01b45d0b1dedabb469c90d8caf996d4fda40f147627a122849a4
python-dateutil==2.9.0.post0 --hash=sha256:a8b2bc7bffae282281c8140a97d3aa9c14da0b136dfe83f850eea9a5f7470427
PyYAML==6.0.2 --hash=sha256:7e7401d0de89a9a855c839bc697c079a4af81cf878373abd7dc625847d25cbd8
requests==2.34.2 --hash=sha256:2a0d60c172f83ac6ab31e4554906c0f3b3588d37b5cb939b1c061f4907e278e0
safetensors==0.4.5 --hash=sha256:b5a8810ad6a6f933fff6c276eae92c1da217b39b4d8b1bc1c0b8af2d270dc532
scikit-image==0.26.0 --hash=sha256:abed017474593cd3056ae0fe948d07d0747b27a085e92df5474f4955dd65aec0
scipy==1.17.1 --hash=sha256:41b71f4a3a4cab9d366cd9065b288efc4d4f3c0b37a91a8e0947fb5bd7f31d87
setuptools==84.0.0 --hash=sha256:51a52592b3b99e102b609654876bd65f19f999935166d1352678931132b0c670
six==1.17.0 --hash=sha256:4721f391ed90541fddacab5acf947aa0d3dc7d27b2e1e8eda2be8970586c3274
sounddevice==0.5.6 --hash=sha256:7f4162f514f007b0bf25a3ccfed3f1705bc2ec311888a90232729eec4f57a4f4
stack-data==0.6.3 --hash=sha256:d5558e0c25a4cb0853cddad3d77da9891a08cb85dd9f9f91b9f8cd66e511e695
sympy==1.14.0 --hash=sha256:e091cc3e99d2141a0ba2847328f5479b05d94a6635cb96148ccb3f34671bd8f5
tifffile==2026.3.3 --hash=sha256:e8be15c94273113d31ecb7aa3a39822189dd11c4967e3cc88c178f1ad2fd1170
timm==0.9.16 --hash=sha256:bf5704014476ab011589d3c14172ee4c901fd18f9110a928019cac5be2945914
torch==2.8.0+cpu --hash=sha256:2be20b2c05a0cce10430cc25f32b689259640d273232b2de357c35729132256d
torchvision==0.23.0+cpu --hash=sha256:a651ccc540cf4c87eb988730c59c2220c52b57adc276f044e7efb9830fa65a1d
tqdm==4.66.5 --hash=sha256:90279a3770753eafc9194a0364852159802111925aa30eb3f9d85b0e805ac7cd
traitlets==5.16.1 --hash=sha256:f775618166caa0396c8e337099240f2bd3e5e917d203b2e6fbe21a58d3cb1f6b
typing_extensions==4.16.0 --hash=sha256:481caa481374e813c1b176ada14e97f1f67a4539ce9cfeb3f350d78d6370c2e8
urllib3==2.8.0 --hash=sha256:0cf3cae568d36aa9576b28dfb35f11328f1cb974ca7647d9475ebb86c75ac6e3
validators==0.35.0 --hash=sha256:e8c947097eae7892cb3d26868d637f79f47b4a0554bc6b80065dfe5aac3705dd
wcwidth==0.9.2 --hash=sha256:2a9746de704242bd4fdaabb31dd46b82f694a56a8d21081ad89b679a89da9fec
widgetsnbextension==4.0.16 --hash=sha256:a31a8774885b96fe825462f5d6496166f0c7cae111195b6465c801d230eb5a4e
